# This file is generated by running "yarn install" inside your project.
# Manual changes might be lost - proceed with caution!

__metadata:
  version: 6
  cacheKey: 8

"@discordjs/builders@npm:^1.6.0":
  version: 1.6.1
  resolution: "@discordjs/builders@npm:1.6.1"
  dependencies:
    "@discordjs/formatters": ^0.3.0
    "@discordjs/util": ^0.2.0
    "@sapphire/shapeshift": ^3.8.1
    discord-api-types: ^0.37.37
    fast-deep-equal: ^3.1.3
    ts-mixer: ^6.0.3
    tslib: ^2.5.0
  checksum: 057b5585d17e6273d99aa4cb356ca845d54785d95c0af05418f30eb933cf0b80043f7941effe7a593142c6817f47b893c5a973dfd95f3db24e0570666781e2d9
  languageName: node
  linkType: hard

"@discordjs/collection@npm:^1.5.0":
  version: 1.5.0
  resolution: "@discordjs/collection@npm:1.5.0"
  checksum: 072043743c5e5ef99033f1c227fd92f437a0665b8f0a5bfa26bacc6610963d03b54c45da0e0116ce30e4612efc52b2db0a0827f79091a135409237722db5400a
  languageName: node
  linkType: hard

"@discordjs/formatters@npm:^0.3.0":
  version: 0.3.0
  resolution: "@discordjs/formatters@npm:0.3.0"
  dependencies:
    discord-api-types: ^0.37.37
  checksum: cdf0d842f268a1b8c072522f58b0c77853e825964acb1e3b189f53d740d0d4ee4ed3b4be177ce4ab30a665bc1e6953348ab0d29b5fd52a0651e74eb63ad4be6d
  languageName: node
  linkType: hard

"@discordjs/rest@npm:^1.7.0":
  version: 1.7.0
  resolution: "@discordjs/rest@npm:1.7.0"
  dependencies:
    "@discordjs/collection": ^1.5.0
    "@discordjs/util": ^0.2.0
    "@sapphire/async-queue": ^1.5.0
    "@sapphire/snowflake": ^3.4.0
    discord-api-types: ^0.37.37
    file-type: ^18.2.1
    tslib: ^2.5.0
    undici: ^5.21.0
  checksum: 5d52ae02b77abafbcd70c650a9760625a7afab37875a7fc85404e1053e12745aeca819747ad4dbbaab78b1df0a33a050b980b1e91ba356c496bb0ea93d32e10f
  languageName: node
  linkType: hard

"@discordjs/util@npm:^0.2.0":
  version: 0.2.0
  resolution: "@discordjs/util@npm:0.2.0"
  checksum: 1e6c02a2881c98ccee2ffd34f487b751e1f16bce007e0a3e9fa538170c1ddb3d68e2b1d88c84b3406191ba9dfec3a999a828603a142c359703fc53482269e7fa
  languageName: node
  linkType: hard

"@sapphire/async-queue@npm:^1.5.0":
  version: 1.5.0
  resolution: "@sapphire/async-queue@npm:1.5.0"
  checksum: 983dbd1fd1b1798496e5edb6a0db7e4d90015160e1028f20475eab0a92625513f1e8d938bc0305811a9cec461c94e01b1e4191615ff03ba49356f568f3255250
  languageName: node
  linkType: hard

"@sapphire/shapeshift@npm:^3.8.1":
  version: 3.8.2
  resolution: "@sapphire/shapeshift@npm:3.8.2"
  dependencies:
    fast-deep-equal: ^3.1.3
    lodash: ^4.17.21
  checksum: 5b2b26ad13a4c8c4b03a9500541df6c070776cf0a49cb7c752df147f63afc76976bc0d4c6f5977cf2597062b810557d7069e99c8e039bf22bf54d5d88da58de5
  languageName: node
  linkType: hard

"@sapphire/snowflake@npm:^3.4.0":
  version: 3.4.0
  resolution: "@sapphire/snowflake@npm:3.4.0"
  checksum: 556b7001f33d6edbbbcbca46f6abfa56c732a29e78b693161e358688e688edcb012d2c1bc944e7ffb41bd6c9950d261bc73f95656dc01643361a218b4f5ab985
  languageName: node
  linkType: hard

"@tokenizer/token@npm:^0.3.0":
  version: 0.3.0
  resolution: "@tokenizer/token@npm:0.3.0"
  checksum: 1d575d02d2a9f0c5a4ca5180635ebd2ad59e0f18b42a65f3d04844148b49b3db35cf00b6012a1af2d59c2ab3caca59451c5689f747ba8667ee586ad717ee58e1
  languageName: node
  linkType: hard

"@types/node@npm:*":
  version: 18.11.9
  resolution: "@types/node@npm:18.11.9"
  checksum: cc0aae109e9b7adefc32eecb838d6fad931663bb06484b5e9cbbbf74865c721b03d16fd8d74ad90e31dbe093d956a7c2c306ba5429ba0c00f3f7505103d7a496
  languageName: node
  linkType: hard

"@types/ws@npm:^8.5.4":
  version: 8.5.4
  resolution: "@types/ws@npm:8.5.4"
  dependencies:
    "@types/node": "*"
  checksum: fefbad20d211929bb996285c4e6f699b12192548afedbe4930ab4384f8a94577c9cd421acaad163cacd36b88649509970a05a0b8f20615b30c501ed5269038d1
  languageName: node
  linkType: hard

"busboy@npm:^1.6.0":
  version: 1.6.0
  resolution: "busboy@npm:1.6.0"
  dependencies:
    streamsearch: ^1.1.0
  checksum: 32801e2c0164e12106bf236291a00795c3c4e4b709ae02132883fe8478ba2ae23743b11c5735a0aae8afe65ac4b6ca4568b91f0d9fed1fdbc32ede824a73746e
  languageName: node
  linkType: hard

"discord-api-types@npm:^0.37.37":
  version: 0.37.37
  resolution: "discord-api-types@npm:0.37.37"
  checksum: 6b680f52c19aebf0dd1a714ef109a55bfe6786d10fd410f7bf1ee9244041f8b10ba81a988799a832382b34b2ae5ef3027ee31f6d1cf4555f1647252635c6eaaa
  languageName: node
  linkType: hard

"discord.js-ext-command@workspace:.":
  version: 0.0.0-use.local
  resolution: "discord.js-ext-command@workspace:."
  dependencies:
    discord-api-types: ^0.37.37
    discord.js: ^14.9.0
    typescript: ^5.0.3
  languageName: unknown
  linkType: soft

"discord.js@npm:^14.9.0":
  version: 14.9.0
  resolution: "discord.js@npm:14.9.0"
  dependencies:
    "@discordjs/builders": ^1.6.0
    "@discordjs/collection": ^1.5.0
    "@discordjs/formatters": ^0.3.0
    "@discordjs/rest": ^1.7.0
    "@discordjs/util": ^0.2.0
    "@sapphire/snowflake": ^3.4.0
    "@types/ws": ^8.5.4
    discord-api-types: ^0.37.37
    fast-deep-equal: ^3.1.3
    lodash.snakecase: ^4.1.1
    tslib: ^2.5.0
    undici: ^5.21.0
    ws: ^8.13.0
  checksum: 34589830f771b238975cbabb82531db78756b1b132b6b296ad845bc93755cfee34e65febb638e1b77e9e68d9ce2362cd4d4057123c37909e1354d670b747cb71
  languageName: node
  linkType: hard

"fast-deep-equal@npm:^3.1.3":
  version: 3.1.3
  resolution: "fast-deep-equal@npm:3.1.3"
  checksum: e21a9d8d84f53493b6aa15efc9cfd53dd5b714a1f23f67fb5dc8f574af80df889b3bce25dc081887c6d25457cce704e636395333abad896ccdec03abaf1f3f9d
  languageName: node
  linkType: hard

"file-type@npm:^18.2.1":
  version: 18.2.1
  resolution: "file-type@npm:18.2.1"
  dependencies:
    readable-web-to-node-stream: ^3.0.2
    strtok3: ^7.0.0
    token-types: ^5.0.1
  checksum: bbc9381292e96a72ecd892f9f5e1a9a8d3f9717955841346e55891acfe099135bfa149f7dad51f35ee52b5e7e0a1a02d7375061b2800758011682c2e9d96953e
  languageName: node
  linkType: hard

"ieee754@npm:^1.2.1":
  version: 1.2.1
  resolution: "ieee754@npm:1.2.1"
  checksum: 5144c0c9815e54ada181d80a0b810221a253562422e7c6c3a60b1901154184f49326ec239d618c416c1c5945a2e197107aee8d986a3dd836b53dffefd99b5e7e
  languageName: node
  linkType: hard

"inherits@npm:^2.0.3":
  version: 2.0.4
  resolution: "inherits@npm:2.0.4"
  checksum: 4a48a733847879d6cf6691860a6b1e3f0f4754176e4d71494c41f3475553768b10f84b5ce1d40fbd0e34e6bfbb864ee35858ad4dd2cf31e02fc4a154b724d7f1
  languageName: node
  linkType: hard

"lodash.snakecase@npm:^4.1.1":
  version: 4.1.1
  resolution: "lodash.snakecase@npm:4.1.1"
  checksum: 1685ed3e83dda6eae5a4dcaee161a51cd210aabb3e1c09c57150e7dd8feda19e4ca0d27d0631eabe8d0f4eaa51e376da64e8c018ae5415417c5890d42feb72a8
  languageName: node
  linkType: hard

"lodash@npm:^4.17.21":
  version: 4.17.21
  resolution: "lodash@npm:4.17.21"
  checksum: eb835a2e51d381e561e508ce932ea50a8e5a68f4ebdd771ea240d3048244a8d13658acbd502cd4829768c56f2e16bdd4340b9ea141297d472517b83868e677f7
  languageName: node
  linkType: hard

"peek-readable@npm:^5.0.0":
  version: 5.0.0
  resolution: "peek-readable@npm:5.0.0"
  checksum: bef5ceb50586eb42e14efba274ac57ffe97f0ed272df9239ce029f688f495d9bf74b2886fa27847c706a9db33acda4b7d23bbd09a2d21eb4c2a54da915117414
  languageName: node
  linkType: hard

"readable-stream@npm:^3.6.0":
  version: 3.6.0
  resolution: "readable-stream@npm:3.6.0"
  dependencies:
    inherits: ^2.0.3
    string_decoder: ^1.1.1
    util-deprecate: ^1.0.1
  checksum: d4ea81502d3799439bb955a3a5d1d808592cf3133350ed352aeaa499647858b27b1c4013984900238b0873ec8d0d8defce72469fb7a83e61d53f5ad61cb80dc8
  languageName: node
  linkType: hard

"readable-web-to-node-stream@npm:^3.0.2":
  version: 3.0.2
  resolution: "readable-web-to-node-stream@npm:3.0.2"
  dependencies:
    readable-stream: ^3.6.0
  checksum: 8c56cc62c68513425ddfa721954875b382768f83fa20e6b31e365ee00cbe7a3d6296f66f7f1107b16cd3416d33aa9f1680475376400d62a081a88f81f0ea7f9c
  languageName: node
  linkType: hard

"safe-buffer@npm:~5.2.0":
  version: 5.2.1
  resolution: "safe-buffer@npm:5.2.1"
  checksum: b99c4b41fdd67a6aaf280fcd05e9ffb0813654894223afb78a31f14a19ad220bba8aba1cb14eddce1fcfb037155fe6de4e861784eb434f7d11ed58d1e70dd491
  languageName: node
  linkType: hard

"streamsearch@npm:^1.1.0":
  version: 1.1.0
  resolution: "streamsearch@npm:1.1.0"
  checksum: 1cce16cea8405d7a233d32ca5e00a00169cc0e19fbc02aa839959985f267335d435c07f96e5e0edd0eadc6d39c98d5435fb5bbbdefc62c41834eadc5622ad942
  languageName: node
  linkType: hard

"string_decoder@npm:^1.1.1":
  version: 1.3.0
  resolution: "string_decoder@npm:1.3.0"
  dependencies:
    safe-buffer: ~5.2.0
  checksum: 8417646695a66e73aefc4420eb3b84cc9ffd89572861fe004e6aeb13c7bc00e2f616247505d2dbbef24247c372f70268f594af7126f43548565c68c117bdeb56
  languageName: node
  linkType: hard

"strtok3@npm:^7.0.0":
  version: 7.0.0
  resolution: "strtok3@npm:7.0.0"
  dependencies:
    "@tokenizer/token": ^0.3.0
    peek-readable: ^5.0.0
  checksum: 2ebe7ad8f2aea611dec6742cf6a42e82764892a362907f7ce493faf334501bf981ce21c828dcc300457e6d460dc9c34d644ededb3b01dcb9e37559203cf1748c
  languageName: node
  linkType: hard

"token-types@npm:^5.0.1":
  version: 5.0.1
  resolution: "token-types@npm:5.0.1"
  dependencies:
    "@tokenizer/token": ^0.3.0
    ieee754: ^1.2.1
  checksum: 32780123bc6ce8b6a2231d860445c994a02a720abf38df5583ea957aa6626873cd1c4dd8af62314da4cf16ede00c379a765707a3b06f04b8808c38efdae1c785
  languageName: node
  linkType: hard

"ts-mixer@npm:^6.0.3":
  version: 6.0.3
  resolution: "ts-mixer@npm:6.0.3"
  checksum: 7fbaba0a413bf817835a6a23d46bccf4192dd4d7345b6bae9d594c88acffac35bf4995ef3cce753090c8abcdf2afd16dba8899365584a1f960ccc2a15bf2e2d6
  languageName: node
  linkType: hard

"tslib@npm:^2.5.0":
  version: 2.5.0
  resolution: "tslib@npm:2.5.0"
  checksum: ae3ed5f9ce29932d049908ebfdf21b3a003a85653a9a140d614da6b767a93ef94f460e52c3d787f0e4f383546981713f165037dc2274df212ea9f8a4541004e1
  languageName: node
  linkType: hard

"typescript@npm:^5.0.3":
  version: 5.0.3
  resolution: "typescript@npm:5.0.3"
  bin:
    tsc: bin/tsc
    tsserver: bin/tsserver
  checksum: 3cce0576d218cb4277ff8b6adfef1a706e9114a98b4261a38ad658a7642f1b274a8396394f6cbff8c0ba852996d7ed2e233e9b8431d5d55ac7c2f6fea645af02
  languageName: node
  linkType: hard

"typescript@patch:typescript@^5.0.3#~builtin<compat/typescript>":
  version: 5.0.3
  resolution: "typescript@patch:typescript@npm%3A5.0.3#~builtin<compat/typescript>::version=5.0.3&hash=85af82"
  bin:
    tsc: bin/tsc
    tsserver: bin/tsserver
  checksum: 5580367025ff7ee1f2a61e5affdbddccfe6e893bc662aa33fefdbf12de7e493173fa7d47475e9e15121828691004c4ed13bcd115e57866baed97b54c60954e1c
  languageName: node
  linkType: hard

"undici@npm:^5.21.0":
  version: 5.21.0
  resolution: "undici@npm:5.21.0"
  dependencies:
    busboy: ^1.6.0
  checksum: 013d5fd503b631d607942c511c2ab3f3fa78ebcab302acab998b43176b4815503ec15ed9752c5a47918b3bff8a0137768001d3eb57625b2bb6f6d30d8a794d6c
  languageName: node
  linkType: hard

"util-deprecate@npm:^1.0.1":
  version: 1.0.2
  resolution: "util-deprecate@npm:1.0.2"
  checksum: 474acf1146cb2701fe3b074892217553dfcf9a031280919ba1b8d651a068c9b15d863b7303cb15bd00a862b498e6cf4ad7b4a08fb134edd5a6f7641681cb54a2
  languageName: node
  linkType: hard

"ws@npm:^8.13.0":
  version: 8.13.0
  resolution: "ws@npm:8.13.0"
  peerDependencies:
    bufferutil: ^4.0.1
    utf-8-validate: ">=5.0.2"
  peerDependenciesMeta:
    bufferutil:
      optional: true
    utf-8-validate:
      optional: true
  checksum: 53e991bbf928faf5dc6efac9b8eb9ab6497c69feeb94f963d648b7a3530a720b19ec2e0ec037344257e05a4f35bd9ad04d9de6f289615ffb133282031b18c61c
  languageName: node
  linkType: hard
